
Microsoft Visual Studio Solution File, Format Version 12.00
# Visual Studio Version 16
VisualStudioVersion = 16.0.29102.190
MinimumVisualStudioVersion = 10.0.40219.1
Project("{FAE04EC0-301F-11D3-BF4B-00C04F79EFBC}") = "XrnCourse.FormsHello.UWP", "XrnCourse.FormsHello\XrnCourse.FormsHello.UWP\XrnCourse.FormsHello.UWP.csproj", "{4C61263E-1A61-4EC5-9244-CE3AC2017CA7}"
EndProject
Project("{FAE04EC0-301F-11D3-BF4B-00C04F79EFBC}") = "XrnCourse.FormsHello.Android", "XrnCourse.FormsHello\XrnCourse.FormsHello.Android\XrnCourse.FormsHello.Android.csproj", "{01A847A9-F455-4A66-B74F-0F5FD5B85144}"
EndProject
Project("{FAE04EC0-301F-11D3-BF4B-00C04F79EFBC}") = "XrnCourse.FormsHello.iOS", "XrnCourse.FormsHello\XrnCourse.FormsHello.iOS\XrnCourse.FormsHello.iOS.csproj", "{27A26DAC-5BFC-4119-AF12-528BC768D247}"
EndProject
Project("{9A19103F-16F7-4668-BE54-9A1E7A4F7556}") = "XrnCourse.FormsHello", "XrnCourse.FormsHello\XrnCourse.FormsHello\XrnCourse.FormsHello.csproj", "{AB7E9AB1-BBD5-45F3-AC7A-94D62D45D8B7}"
EndProject
Global
	GlobalSection(SolutionConfigurationPlatforms) = preSolution
		Debug|Any CPU = Debug|Any CPU
		Debug|ARM = Debug|ARM
		Debug|iPhone = Debug|iPhone
		Debug|iPhoneSimulator = Debug|iPhoneSimulator
		Debug|x64 = Debug|x64
		Debug|x86 = Debug|x86
		Release|Any CPU = Release|Any CPU
		Release|ARM = Release|ARM
		Release|iPhone = Release|iPhone
		Release|iPhoneSimulator = Release|iPhoneSimulator
		Release|x64 = Release|x64
		Release|x86 = Release|x86
	EndGlobalSection
	GlobalSection(ProjectConfigurationPlatforms) = postSolution
		{4C61263E-1A61-4EC5-9244-CE3AC2017CA7}.Debug|Any CPU.ActiveCfg = Debug|x86
		{4C61263E-1A61-4EC5-9244-CE3AC2017CA7}.Debug|Any CPU.Build.0 = Debug|x86
		{4C61263E-1A61-4EC5-9244-CE3AC2017CA7}.Debug|Any CPU.Deploy.0 = Debug|x86
		{4C61263E-1A61-4EC5-9244-CE3AC2017CA7}.Debug|ARM.ActiveCfg = Debug|ARM
		{4C61263E-1A61-4EC5-9244-CE3AC2017CA7}.Debug|ARM.Build.0 = Debug|ARM
		{4C61263E-1A61-4EC5-9244-CE3AC2017CA7}.Debug|ARM.Deploy.0 = Debug|ARM
		{4C61263E-1A61-4EC5-9244-CE3AC2017CA7}.Debug|iPhone.ActiveCfg = Debug|x86
		{4C61263E-1A61-4EC5-9244-CE3AC2017CA7}.Debug|iPhone.Build.0 = Debug|x86
		{4C61263E-1A61-4EC5-9244-CE3AC2017CA7}.Debug|iPhone.Deploy.0 = Debug|x86
		{4C61263E-1A61-4EC5-9244-CE3AC2017CA7}.Debug|iPhoneSimulator.ActiveCfg = Debug|x86
		{4C61263E-1A61-4EC5-9244-CE3AC2017CA7}.Debug|iPhoneSimulator.Build.0 = Debug|x86
		{4C61263E-1A61-4EC5-9244-CE3AC2017CA7}.Debug|iPhoneSimulator.Deploy.0 = Debug|x86
		{4C61263E-1A61-4EC5-9244-CE3AC2017CA7}.Debug|x64.ActiveCfg = Debug|x64
		{4C61263E-1A61-4EC5-9244-CE3AC2017CA7}.Debug|x64.Build.0 = Debug|x64
		{4C61263E-1A61-4EC5-9244-CE3AC2017CA7}.Debug|x64.Deploy.0 = Debug|x64
		{4C61263E-1A61-4EC5-9244-CE3AC2017CA7}.Debug|x86.ActiveCfg = Debug|x86
		{4C61263E-1A61-4EC5-9244-CE3AC2017CA7}.Debug|x86.Build.0 = Debug|x86
		{4C61263E-1A61-4EC5-9244-CE3AC2017CA7}.Debug|x86.Deploy.0 = Debug|x86
		{4C61263E-1A61-4EC5-9244-CE3AC2017CA7}.Release|Any CPU.ActiveCfg = Release|x86
		{4C61263E-1A61-4EC5-9244-CE3AC2017CA7}.Release|Any CPU.Build.0 = Release|x86
		{4C61263E-1A61-4EC5-9244-CE3AC2017CA7}.Release|Any CPU.Deploy.0 = Release|x86
		{4C61263E-1A61-4EC5-9244-CE3AC2017CA7}.Release|ARM.ActiveCfg = Release|ARM
		{4C61263E-1A61-4EC5-9244-CE3AC2017CA7}.Release|ARM.Build.0 = Release|ARM
		{4C61263E-1A61-4EC5-9244-CE3AC2017CA7}.Release|ARM.Deploy.0 = Release|ARM
		{4C61263E-1A61-4EC5-9244-CE3AC2017CA7}.Release|iPhone.ActiveCfg = Release|x86
		{4C61263E-1A61-4EC5-9244-CE3AC2017CA7}.Release|iPhone.Build.0 = Release|x86
		{4C61263E-1A61-4EC5-9244-CE3AC2017CA7}.Release|iPhone.Deploy.0 = Release|x86
		{4C61263E-1A61-4EC5-9244-CE3AC2017CA7}.Release|iPhoneSimulator.ActiveCfg = Release|x86
		{4C61263E-1A61-4EC5-9244-CE3AC2017CA7}.Release|iPhoneSimulator.Build.0 = Release|x86
		{4C61263E-1A61-4EC5-9244-CE3AC2017CA7}.Release|iPhoneSimulator.Deploy.0 = Release|x86
		{4C61263E-1A61-4EC5-9244-CE3AC2017CA7}.Release|x64.ActiveCfg = Release|x64
		{4C61263E-1A61-4EC5-9244-CE3AC2017CA7}.Release|x64.Build.0 = Release|x64
		{4C61263E-1A61-4EC5-9244-CE3AC2017CA7}.Release|x64.Deploy.0 = Release|x64
		{4C61263E-1A61-4EC5-9244-CE3AC2017CA7}.Release|x86.ActiveCfg = Release|x86
		{4C61263E-1A61-4EC5-9244-CE3AC2017CA7}.Release|x86.Build.0 = Release|x86
		{4C61263E-1A61-4EC5-9244-CE3AC2017CA7}.Release|x86.Deploy.0 = Release|x86
		{01A847A9-F455-4A66-B74F-0F5FD5B85144}.Debug|Any CPU.ActiveCfg = Debug|Any CPU
		{01A847A9-F455-4A66-B74F-0F5FD5B85144}.Debug|Any CPU.Build.0 = Debug|Any CPU
		{01A847A9-F455-4A66-B74F-0F5FD5B85144}.Debug|Any CPU.Deploy.0 = Debug|Any CPU
		{01A847A9-F455-4A66-B74F-0F5FD5B85144}.Debug|ARM.ActiveCfg = Debug|Any CPU
		{01A847A9-F455-4A66-B74F-0F5FD5B85144}.Debug|ARM.Build.0 = Debug|Any CPU
		{01A847A9-F455-4A66-B74F-0F5FD5B85144}.Debug|ARM.Deploy.0 = Debug|Any CPU
		{01A847A9-F455-4A66-B74F-0F5FD5B85144}.Debug|iPhone.ActiveCfg = Debug|Any CPU
		{01A847A9-F455-4A66-B74F-0F5FD5B85144}.Debug|iPhone.Build.0 = Debug|Any CPU
		{01A847A9-F455-4A66-B74F-0F5FD5B85144}.Debug|iPhone.Deploy.0 = Debug|Any CPU
		{01A847A9-F455-4A66-B74F-0F5FD5B85144}.Debug|iPhoneSimulator.ActiveCfg = Debug|Any CPU
		{01A847A9-F455-4A66-B74F-0F5FD5B85144}.Debug|iPhoneSimulator.Build.0 = Debug|Any CPU
		{01A847A9-F455-4A66-B74F-0F5FD5B85144}.Debug|iPhoneSimulator.Deploy.0 = Debug|Any CPU
		{01A847A9-F455-4A66-B74F-0F5FD5B85144}.Debug|x64.ActiveCfg = Debug|Any CPU
		{01A847A9-F455-4A66-B74F-0F5FD5B85144}.Debug|x64.Build.0 = Debug|Any CPU
		{01A847A9-F455-4A66-B74F-0F5FD5B85144}.Debug|x64.Deploy.0 = Debug|Any CPU
		{01A847A9-F455-4A66-B74F-0F5FD5B85144}.Debug|x86.ActiveCfg = Debug|Any CPU
		{01A847A9-F455-4A66-B74F-0F5FD5B85144}.Debug|x86.Build.0 = Debug|Any CPU
		{01A847A9-F455-4A66-B74F-0F5FD5B85144}.Debug|x86.Deploy.0 = Debug|Any CPU
		{01A847A9-F455-4A66-B74F-0F5FD5B85144}.Release|Any CPU.ActiveCfg = Release|Any CPU
		{01A847A9-F455-4A66-B74F-0F5FD5B85144}.Release|Any CPU.Build.0 = Release|Any CPU
		{01A847A9-F455-4A66-B74F-0F5FD5B85144}.Release|Any CPU.Deploy.0 = Release|Any CPU
		{01A847A9-F455-4A66-B74F-0F5FD5B85144}.Release|ARM.ActiveCfg = Release|Any CPU
		{01A847A9-F455-4A66-B74F-0F5FD5B85144}.Release|ARM.Build.0 = Release|Any CPU
		{01A847A9-F455-4A66-B74F-0F5FD5B85144}.Release|ARM.Deploy.0 = Release|Any CPU
		{01A847A9-F455-4A66-B74F-0F5FD5B85144}.Release|iPhone.ActiveCfg = Release|Any CPU
		{01A847A9-F455-4A66-B74F-0F5FD5B85144}.Release|iPhone.Build.0 = Release|Any CPU
		{01A847A9-F455-4A66-B74F-0F5FD5B85144}.Release|iPhone.Deploy.0 = Release|Any CPU
		{01A847A9-F455-4A66-B74F-0F5FD5B85144}.Release|iPhoneSimulator.ActiveCfg = Release|Any CPU
		{01A847A9-F455-4A66-B74F-0F5FD5B85144}.Release|iPhoneSimulator.Build.0 = Release|Any CPU
		{01A847A9-F455-4A66-B74F-0F5FD5B85144}.Release|iPhoneSimulator.Deploy.0 = Release|Any CPU
		{01A847A9-F455-4A66-B74F-0F5FD5B85144}.Release|x64.ActiveCfg = Release|Any CPU
		{01A847A9-F455-4A66-B74F-0F5FD5B85144}.Release|x64.Build.0 = Release|Any CPU
		{01A847A9-F455-4A66-B74F-0F5FD5B85144}.Release|x64.Deploy.0 = Release|Any CPU
		{01A847A9-F455-4A66-B74F-0F5FD5B85144}.Release|x86.ActiveCfg = Release|Any CPU
		{01A847A9-F455-4A66-B74F-0F5FD5B85144}.Release|x86.Build.0 = Release|Any CPU
		{01A847A9-F455-4A66-B74F-0F5FD5B85144}.Release|x86.Deploy.0 = Release|Any CPU
		{27A26DAC-5BFC-4119-AF12-528BC768D247}.Debug|Any CPU.ActiveCfg = Debug|iPhone
		{27A26DAC-5BFC-4119-AF12-528BC768D247}.Debug|Any CPU.Build.0 = Debug|iPhone
		{27A26DAC-5BFC-4119-AF12-528BC768D247}.Debug|Any CPU.Deploy.0 = Debug|iPhone
		{27A26DAC-5BFC-4119-AF12-528BC768D247}.Debug|ARM.ActiveCfg = Debug|iPhoneSimulator
		{27A26DAC-5BFC-4119-AF12-528BC768D247}.Debug|ARM.Build.0 = Debug|iPhoneSimulator
		{27A26DAC-5BFC-4119-AF12-528BC768D247}.Debug|ARM.Deploy.0 = Debug|iPhoneSimulator
		{27A26DAC-5BFC-4119-AF12-528BC768D247}.Debug|iPhone.ActiveCfg = Debug|iPhoneSimulator
		{27A26DAC-5BFC-4119-AF12-528BC768D247}.Debug|iPhone.Build.0 = Debug|iPhoneSimulator
		{27A26DAC-5BFC-4119-AF12-528BC768D247}.Debug|iPhone.Deploy.0 = Debug|iPhoneSimulator
		{27A26DAC-5BFC-4119-AF12-528BC768D247}.Debug|iPhoneSimulator.ActiveCfg = Debug|iPhoneSimulator
		{27A26DAC-5BFC-4119-AF12-528BC768D247}.Debug|iPhoneSimulator.Build.0 = Debug|iPhoneSimulator
		{27A26DAC-5BFC-4119-AF12-528BC768D247}.Debug|iPhoneSimulator.Deploy.0 = Debug|iPhoneSimulator
		{27A26DAC-5BFC-4119-AF12-528BC768D247}.Debug|x64.ActiveCfg = Debug|iPhone
		{27A26DAC-5BFC-4119-AF12-528BC768D247}.Debug|x64.Build.0 = Debug|iPhone
		{27A26DAC-5BFC-4119-AF12-528BC768D247}.Debug|x64.Deploy.0 = Debug|iPhone
		{27A26DAC-5BFC-4119-AF12-528BC768D247}.Debug|x86.ActiveCfg = Debug|iPhone
		{27A26DAC-5BFC-4119-AF12-528BC768D247}.Debug|x86.Build.0 = Debug|iPhone
		{27A26DAC-5BFC-4119-AF12-528BC768D247}.Debug|x86.Deploy.0 = Debug|iPhone
		{27A26DAC-5BFC-4119-AF12-528BC768D247}.Release|Any CPU.ActiveCfg = Release|iPhone
		{27A26DAC-5BFC-4119-AF12-528BC768D247}.Release|Any CPU.Build.0 = Release|iPhone
		{27A26DAC-5BFC-4119-AF12-528BC768D247}.Release|Any CPU.Deploy.0 = Release|iPhone
		{27A26DAC-5BFC-4119-AF12-528BC768D247}.Release|ARM.ActiveCfg = Release|iPhone
		{27A26DAC-5BFC-4119-AF12-528BC768D247}.Release|ARM.Build.0 = Release|iPhone
		{27A26DAC-5BFC-4119-AF12-528BC768D247}.Release|ARM.Deploy.0 = Release|iPhone
		{27A26DAC-5BFC-4119-AF12-528BC768D247}.Release|iPhone.ActiveCfg = Release|iPhone
		{27A26DAC-5BFC-4119-AF12-528BC768D247}.Release|iPhone.Build.0 = Release|iPhone
		{27A26DAC-5BFC-4119-AF12-528BC768D247}.Release|iPhone.Deploy.0 = Release|iPhone
		{27A26DAC-5BFC-4119-AF12-528BC768D247}.Release|iPhoneSimulator.ActiveCfg = Release|iPhoneSimulator
		{27A26DAC-5BFC-4119-AF12-528BC768D247}.Release|iPhoneSimulator.Build.0 = Release|iPhoneSimulator
		{27A26DAC-5BFC-4119-AF12-528BC768D247}.Release|iPhoneSimulator.Deploy.0 = Release|iPhoneSimulator
		{27A26DAC-5BFC-4119-AF12-528BC768D247}.Release|x64.ActiveCfg = Release|iPhone
		{27A26DAC-5BFC-4119-AF12-528BC768D247}.Release|x64.Build.0 = Release|iPhone
		{27A26DAC-5BFC-4119-AF12-528BC768D247}.Release|x64.Deploy.0 = Release|iPhone
		{27A26DAC-5BFC-4119-AF12-528BC768D247}.Release|x86.ActiveCfg = Release|iPhone
		{27A26DAC-5BFC-4119-AF12-528BC768D247}.Release|x86.Build.0 = Release|iPhone
		{27A26DAC-5BFC-4119-AF12-528BC768D247}.Release|x86.Deploy.0 = Release|iPhone
		{AB7E9AB1-BBD5-45F3-AC7A-94D62D45D8B7}.Debug|Any CPU.ActiveCfg = Debug|Any CPU
		{AB7E9AB1-BBD5-45F3-AC7A-94D62D45D8B7}.Debug|Any CPU.Build.0 = Debug|Any CPU
		{AB7E9AB1-BBD5-45F3-AC7A-94D62D45D8B7}.Debug|Any CPU.Deploy.0 = Debug|Any CPU
		{AB7E9AB1-BBD5-45F3-AC7A-94D62D45D8B7}.Debug|ARM.ActiveCfg = Debug|Any CPU
		{AB7E9AB1-BBD5-45F3-AC7A-94D62D45D8B7}.Debug|ARM.Build.0 = Debug|Any CPU
		{AB7E9AB1-BBD5-45F3-AC7A-94D62D45D8B7}.Debug|ARM.Deploy.0 = Debug|Any CPU
		{AB7E9AB1-BBD5-45F3-AC7A-94D62D45D8B7}.Debug|iPhone.ActiveCfg = Debug|Any CPU
		{AB7E9AB1-BBD5-45F3-AC7A-94D62D45D8B7}.Debug|iPhone.Build.0 = Debug|Any CPU
		{AB7E9AB1-BBD5-45F3-AC7A-94D62D45D8B7}.Debug|iPhone.Deploy.0 = Debug|Any CPU
		{AB7E9AB1-BBD5-45F3-AC7A-94D62D45D8B7}.Debug|iPhoneSimulator.ActiveCfg = Debug|Any CPU
		{AB7E9AB1-BBD5-45F3-AC7A-94D62D45D8B7}.Debug|iPhoneSimulator.Build.0 = Debug|Any CPU
		{AB7E9AB1-BBD5-45F3-AC7A-94D62D45D8B7}.Debug|iPhoneSimulator.Deploy.0 = Debug|Any CPU
		{AB7E9AB1-BBD5-45F3-AC7A-94D62D45D8B7}.Debug|x64.ActiveCfg = Debug|Any CPU
		{AB7E9AB1-BBD5-45F3-AC7A-94D62D45D8B7}.Debug|x64.Build.0 = Debug|Any CPU
		{AB7E9AB1-BBD5-45F3-AC7A-94D62D45D8B7}.Debug|x64.Deploy.0 = Debug|Any CPU
		{AB7E9AB1-BBD5-45F3-AC7A-94D62D45D8B7}.Debug|x86.ActiveCfg = Debug|Any CPU
		{AB7E9AB1-BBD5-45F3-AC7A-94D62D45D8B7}.Debug|x86.Build.0 = Debug|Any CPU
		{AB7E9AB1-BBD5-45F3-AC7A-94D62D45D8B7}.Debug|x86.Deploy.0 = Debug|Any CPU
		{AB7E9AB1-BBD5-45F3-AC7A-94D62D45D8B7}.Release|Any CPU.ActiveCfg = Release|Any CPU
		{AB7E9AB1-BBD5-45F3-AC7A-94D62D45D8B7}.Release|Any CPU.Build.0 = Release|Any CPU
		{AB7E9AB1-BBD5-45F3-AC7A-94D62D45D8B7}.Release|Any CPU.Deploy.0 = Release|Any CPU
		{AB7E9AB1-BBD5-45F3-AC7A-94D62D45D8B7}.Release|ARM.ActiveCfg = Release|Any CPU
		{AB7E9AB1-BBD5-45F3-AC7A-94D62D45D8B7}.Release|ARM.Build.0 = Release|Any CPU
		{AB7E9AB1-BBD5-45F3-AC7A-94D62D45D8B7}.Release|ARM.Deploy.0 = Release|Any CPU
		{AB7E9AB1-BBD5-45F3-AC7A-94D62D45D8B7}.Release|iPhone.ActiveCfg = Release|Any CPU
		{AB7E9AB1-BBD5-45F3-AC7A-94D62D45D8B7}.Release|iPhone.Build.0 = Release|Any CPU
		{AB7E9AB1-BBD5-45F3-AC7A-94D62D45D8B7}.Release|iPhone.Deploy.0 = Release|Any CPU
		{AB7E9AB1-BBD5-45F3-AC7A-94D62D45D8B7}.Release|iPhoneSimulator.ActiveCfg = Release|Any CPU
		{AB7E9AB1-BBD5-45F3-AC7A-94D62D45D8B7}.Release|iPhoneSimulator.Build.0 = Release|Any CPU
		{AB7E9AB1-BBD5-45F3-AC7A-94D62D45D8B7}.Release|iPhoneSimulator.Deploy.0 = Release|Any CPU
		{AB7E9AB1-BBD5-45F3-AC7A-94D62D45D8B7}.Release|x64.ActiveCfg = Release|Any CPU
		{AB7E9AB1-BBD5-45F3-AC7A-94D62D45D8B7}.Release|x64.Build.0 = Release|Any CPU
		{AB7E9AB1-BBD5-45F3-AC7A-94D62D45D8B7}.Release|x64.Deploy.0 = Release|Any CPU
		{AB7E9AB1-BBD5-45F3-AC7A-94D62D45D8B7}.Release|x86.ActiveCfg = Release|Any CPU
		{AB7E9AB1-BBD5-45F3-AC7A-94D62D45D8B7}.Release|x86.Build.0 = Release|Any CPU
		{AB7E9AB1-BBD5-45F3-AC7A-94D62D45D8B7}.Release|x86.Deploy.0 = Release|Any CPU
	EndGlobalSection
	GlobalSection(SolutionProperties) = preSolution
		HideSolutionNode = FALSE
	EndGlobalSection
	GlobalSection(ExtensibilityGlobals) = postSolution
		SolutionGuid = {F5BC6DE6-EECC-4A48-B4F1-66C7B39D29C5}
	EndGlobalSection
EndGlobal
